
Microsoft Visual Studio Solution File, Format Version 12.00
# Visual Studio Version 16
VisualStudioVersion = 16.0.29709.97
MinimumVisualStudioVersion = 10.0.40219.1
Project("{FAE04EC0-301F-11D3-BF4B-00C04F79EFBC}") = "BlazorApp", "BlazorApp\BlazorApp.csproj", "{C4CA5821-34F9-4678-A612-1CFFE3F60A14}"
EndProject
Global
	GlobalSection(SolutionConfigurationPlatforms) = preSolution
		Debug|Any CPU = Debug|Any CPU
		Release|Any CPU = Release|Any CPU
	EndGlobalSection
	GlobalSection(ProjectConfigurationPlatforms) = postSolution
		{C4CA5821-34F9-4678-A612-1CFFE3F60A14}.Debug|Any CPU.ActiveCfg = Debug|Any CPU
		{C4CA5821-34F9-4678-A612-1CFFE3F60A14}.Debug|Any CPU.Build.0 = Debug|Any CPU
		{C4CA5821-34F9-4678-A612-1CFFE3F60A14}.Release|Any CPU.ActiveCfg = Release|Any CPU
		{C4CA5821-34F9-4678-A612-1CFFE3F60A14}.Release|Any CPU.Build.0 = Release|Any CPU
	EndGlobalSection
	GlobalSection(SolutionProperties) = preSolution
		HideSolutionNode = FALSE
	EndGlobalSection
	GlobalSection(ExtensibilityGlobals) = postSolution
		SolutionGuid = {8E258BE9-CE91-4D48-BC15-250702ADA680}
	EndGlobalSection
EndGlobal
